// !$*UTF8*$!
{
	archiveVersion = 1;
	classes = {
	};
	objectVersion = 46;
	objects = {

/* Begin PBXBuildFile section */
		8A34F47A1CD315A90048193C /* AppDelegate.m in Sources */ = {isa = PBXBuildFile; fileRef = 8A34F4791CD315A90048193C /* AppDelegate.m */; };
		8A34F47D1CD315A90048193C /* main.m in Sources */ = {isa = PBXBuildFile; fileRef = 8A34F47C1CD315A90048193C /* main.m */; };
		8A34F47F1CD315A90048193C /* Assets.xcassets in Resources */ = {isa = PBXBuildFile; fileRef = 8A34F47E1CD315A90048193C /* Assets.xcassets */; };
		8A34F4821CD315A90048193C /* MainMenu.xib in Resources */ = {isa = PBXBuildFile; fileRef = 8A34F4801CD315A90048193C /* MainMenu.xib */; };
		8A34F48B1CD334BC0048193C /* LLPWDGenerator.m in Sources */ = {isa = PBXBuildFile; fileRef = 8A34F48A1CD334BC0048193C /* LLPWDGenerator.m */; };
/* End PBXBuildFile section */

/* Begin PBXFileReference section */
		8A34F4751CD315A90048193C /* LLPasswordGenerator.app */ = {isa = PBXFileReference; explicitFileType = wrapper.application; includeInIndex = 0; path = LLPasswordGenerator.app; sourceTree = BUILT_PRODUCTS_DIR; };
		8A34F4781CD315A90048193C /* AppDelegate.h */ = {isa = PBXFileReference; lastKnownFileType = sourcecode.c.h; path = AppDelegate.h; sourceTree = "<group>"; };
		8A34F4791CD315A90048193C /* AppDelegate.m */ = {isa = PBXFileReference; lastKnownFileType = sourcecode.c.objc; path = AppDelegate.m; sourceTree = "<group>"; };
		8A34F47C1CD315A90048193C /* main.m */ = {isa = PBXFileReference; lastKnownFileType = sourcecode.c.objc; path = main.m; sourceTree = "<group>"; };
		8A34F47E1CD315A90048193C /* Assets.xcassets */ = {isa = PBXFileReference; lastKnownFileType = folder.assetcatalog; path = Assets.xcassets; sourceTree = "<group>"; };
		8A34F4811CD315A90048193C /* Base */ = {isa = PBXFileReference; lastKnownFileType = file.xib; name = Base; path = Base.lproj/MainMenu.xib; sourceTree = "<group>"; };
		8A34F4831CD315A90048193C /* Info.plist */ = {isa = PBXFileReference; lastKnownFileType = text.plist.xml; path = Info.plist; sourceTree = "<group>"; };
		8A34F4891CD334BC0048193C /* LLPWDGenerator.h */ = {isa = PBXFileReference; fileEncoding = 4; lastKnownFileType = sourcecode.c.h; path = LLPWDGenerator.h; sourceTree = "<group>"; };
		8A34F48A1CD334BC0048193C /* LLPWDGenerator.m */ = {isa = PBXFileReference; fileEncoding = 4; lastKnownFileType = sourcecode.c.objc; path = LLPWDGenerator.m; sourceTree = "<group>"; };
/* End PBXFileReference section */

/* Begin PBXFrameworksBuildPhase section */
		8A34F4721CD315A90048193C /* Frameworks */ = {
			isa = PBXFrameworksBuildPhase;
			buildActionMask = 2147483647;
			files = (
			);
			runOnlyForDeploymentPostprocessing = 0;
		};
/* End PBXFrameworksBuildPhase section */

/* Begin PBXGroup section */
		8A34F46C1CD315A90048193C = {
			isa = PBXGroup;
			children = (
				8A34F4771CD315A90048193C /* LLPasswordGenerator */,
				8A34F4761CD315A90048193C /* Products */,
			);
			sourceTree = "<group>";
		};
		8A34F4761CD315A90048193C /* Products */ = {
			isa = PBXGroup;
			children = (
				8A34F4751CD315A90048193C /* LLPasswordGenerator.app */,
			);
			name = Products;
			sourceTree = "<group>";
		};
		8A34F4771CD315A90048193C /* LLPasswordGenerator */ = {
			isa = PBXGroup;
			children = (
				8A34F4781CD315A90048193C /* AppDelegate.h */,
				8A34F4791CD315A90048193C /* AppDelegate.m */,
				8A34F47E1CD315A90048193C /* Assets.xcassets */,
				8A34F4801CD315A90048193C /* MainMenu.xib */,
				8A34F4831CD315A90048193C /* Info.plist */,
				8A34F47B1CD315A90048193C /* Supporting Files */,
				8A34F4891CD334BC0048193C /* LLPWDGenerator.h */,
				8A34F48A1CD334BC0048193C /* LLPWDGenerator.m */,
			);
			path = LLPasswordGenerator;
			sourceTree = "<group>";
		};
		8A34F47B1CD315A90048193C /* Supporting Files */ = {
			isa = PBXGroup;
			children = (
				8A34F47C1CD315A90048193C /* main.m */,
			);
			name = "Supporting Files";
			sourceTree = "<group>";
		};
/* End PBXGroup section */

/* Begin PBXNativeTarget section */
		8A34F4741CD315A90048193C /* LLPasswordGenerator */ = {
			isa = PBXNativeTarget;
			buildConfigurationList = 8A34F4861CD315A90048193C /* Build configuration list for PBXNativeTarget "LLPasswordGenerator" */;
			buildPhases = (
				8A34F4711CD315A90048193C /* Sources */,
				8A34F4721CD315A90048193C /* Frameworks */,
				8A34F4731CD315A90048193C /* Resources */,
			);
			buildRules = (
			);
			dependencies = (
			);
			name = LLPasswordGenerator;
			productName = LLPasswordGenerator;
			productReference = 8A34F4751CD315A90048193C /* LLPasswordGenerator.app */;
			productType = "com.apple.product-type.application";
		};
/* End PBXNativeTarget section */

/* Begin PBXProject section */
		8A34F46D1CD315A90048193C /* Project object */ = {
			isa = PBXProject;
			attributes = {
				LastUpgradeCheck = 0710;
				ORGANIZATIONNAME = AnarL;
				TargetAttributes = {
					8A34F4741CD315A90048193C = {
						CreatedOnToolsVersion = 7.1.1;
					};
				};
			};
			buildConfigurationList = 8A34F4701CD315A90048193C /* Build configuration list for PBXProject "LLPasswordGenerator" */;
			compatibilityVersion = "Xcode 3.2";
			developmentRegion = English;
			hasScannedForEncodings = 0;
			knownRegions = (
				en,
				Base,
			);
			mainGroup = 8A34F46C1CD315A90048193C;
			productRefGroup = 8A34F4761CD315A90048193C /* Products */;
			projectDirPath = "";
			projectRoot = "";
			targets = (
				8A34F4741CD315A90048193C /* LLPasswordGenerator */,
			);
		};
/* End PBXProject section */

/* Begin PBXResourcesBuildPhase section */
		8A34F4731CD315A90048193C /* Resources */ = {
			isa = PBXResourcesBuildPhase;
			buildActionMask = 2147483647;
			files = (
				8A34F47F1CD315A90048193C /* Assets.xcassets in Resources */,
				8A34F4821CD315A90048193C /* MainMenu.xib in Resources */,
			);
			runOnlyForDeploymentPostprocessing = 0;
		};
/* End PBXResourcesBuildPhase section */

/* Begin PBXSourcesBuildPhase section */
		8A34F4711CD315A90048193C /* Sources */ = {
			isa = PBXSourcesBuildPhase;
			buildActionMask = 2147483647;
			files = (
				8A34F47D1CD315A90048193C /* main.m in Sources */,
				8A34F48B1CD334BC0048193C /* LLPWDGenerator.m in Sources */,
				8A34F47A1CD315A90048193C /* AppDelegate.m in Sources */,
			);
			runOnlyForDeploymentPostprocessing = 0;
		};
/* End PBXSourcesBuildPhase section */

/* Begin PBXVariantGroup section */
		8A34F4801CD315A90048193C /* MainMenu.xib */ = {
			isa = PBXVariantGroup;
			children = (
				8A34F4811CD315A90048193C /* Base */,
			);
			name = MainMenu.xib;
			sourceTree = "<group>";
		};
/* End PBXVariantGroup section */

/* Begin XCBuildConfiguration section */
		8A34F4841CD315A90048193C /* Debug */ = {
			isa = XCBuildConfiguration;
			buildSettings = {
				ALWAYS_SEARCH_USER_PATHS = NO;
				CLANG_CXX_LANGUAGE_STANDARD = "gnu++0x";
				CLANG_CXX_LIBRARY = "libc++";
				CLANG_ENABLE_MODULES = YES;
				CLANG_ENABLE_OBJC_ARC = YES;
				CLANG_WARN_BOOL_CONVERSION = YES;
				CLANG_WARN_CONSTANT_CONVERSION = YES;
				CLANG_WARN_DIRECT_OBJC_ISA_USAGE = YES_ERROR;
				CLANG_WARN_EMPTY_BODY = YES;
				CLANG_WARN_ENUM_CONVERSION = YES;
				CLANG_WARN_INT_CONVERSION = YES;
				CLANG_WARN_OBJC_ROOT_CLASS = YES_ERROR;
				CLANG_WARN_UNREACHABLE_CODE = YES;
				CLANG_WARN__DUPLICATE_METHOD_MATCH = YES;
				CODE_SIGN_IDENTITY = "-";
				COPY_PHASE_STRIP = NO;
				DEBUG_INFORMATION_FORMAT = dwarf;
				ENABLE_STRICT_OBJC_MSGSEND = YES;
				ENABLE_TESTABILITY = YES;
				GCC_C_LANGUAGE_STANDARD = gnu99;
				GCC_DYNAMIC_NO_PIC = NO;
				GCC_NO_COMMON_BLOCKS = YES;
				GCC_OPTIMIZATION_LEVEL = 0;
				GCC_PREPROCESSOR_DEFINITIONS = (
					"DEBUG=1",
					"$(inherited)",
				);
				GCC_WARN_64_TO_32_BIT_CONVERSION = YES;
				GCC_WARN_ABOUT_RETURN_TYPE = YES_ERROR;
				GCC_WARN_UNDECLARED_SELECTOR = YES;
				GCC_WARN_UNINITIALIZED_AUTOS = YES_AGGRESSIVE;
				GCC_WARN_UNUSED_FUNCTION = YES;
				GCC_WARN_UNUSED_VARIABLE = YES;
				MACOSX_DEPLOYMENT_TARGET = 10.11;
				MTL_ENABLE_DEBUG_INFO = YES;
				ONLY_ACTIVE_ARCH = YES;
				SDKROOT = macosx;
			};
			name = Debug;
		};
		8A34F4851CD315A90048193C /* Release */ = {
			isa = XCBuildConfiguration;
			buildSettings = {
				ALWAYS_SEARCH_USER_PATHS = NO;
				CLANG_CXX_LANGUAGE_STANDARD = "gnu++0x";
				CLANG_CXX_LIBRARY = "libc++";
				CLANG_ENABLE_MODULES = YES;
				CLANG_ENABLE_OBJC_ARC = YES;
				CLANG_WARN_BOOL_CONVERSION = YES;
				CLANG_WARN_CONSTANT_CONVERSION = YES;
				CLANG_WARN_DIRECT_OBJC_ISA_USAGE = YES_ERROR;
				CLANG_WARN_EMPTY_BODY = YES;
				CLANG_WARN_ENUM_CONVERSION = YES;
				CLANG_WARN_INT_CONVERSION = YES;
				CLANG_WARN_OBJC_ROOT_CLASS = YES_ERROR;
				CLANG_WARN_UNREACHABLE_CODE = YES;
				CLANG_WARN__DUPLICATE_METHOD_MATCH = YES;
				CODE_SIGN_IDENTITY = "-";
				COPY_PHASE_STRIP = NO;
				DEBUG_INFORMATION_FORMAT = "dwarf-with-dsym";
				ENABLE_NS_ASSERTIONS = NO;
				ENABLE_STRICT_OBJC_MSGSEND = YES;
				GCC_C_LANGUAGE_STANDARD = gnu99;
				GCC_NO_COMMON_BLOCKS = YES;
				GCC_WARN_64_TO_32_BIT_CONVERSION = YES;
				GCC_WARN_ABOUT_RETURN_TYPE = YES_ERROR;
				GCC_WARN_UNDECLARED_SELECTOR = YES;
				GCC_WARN_UNINITIALIZED_AUTOS = YES_AGGRESSIVE;
				GCC_WARN_UNUSED_FUNCTION = YES;
				GCC_WARN_UNUSED_VARIABLE = YES;
				MACOSX_DEPLOYMENT_TARGET = 10.11;
				MTL_ENABLE_DEBUG_INFO = NO;
				SDKROOT = macosx;
			};
			name = Release;
		};
		8A34F4871CD315A90048193C /* Debug */ = {
			isa = XCBuildConfiguration;
			buildSettings = {
				ASSETCATALOG_COMPILER_APPICON_NAME = AppIcon;
				COMBINE_HIDPI_IMAGES = YES;
				INFOPLIST_FILE = LLPasswordGenerator/Info.plist;
				LD_RUNPATH_SEARCH_PATHS = "$(inherited) @executable_path/../Frameworks";
				MACOSX_DEPLOYMENT_TARGET = 10.8;
				PRODUCT_BUNDLE_IDENTIFIER = com.Digiarty.LLPasswordGenerator;
				PRODUCT_NAME = "$(TARGET_NAME)";
			};
			name = Debug;
		};
		8A34F4881CD315A90048193C /* Release */ = {
			isa = XCBuildConfiguration;
			buildSettings = {
				ASSETCATALOG_COMPILER_APPICON_NAME = AppIcon;
				COMBINE_HIDPI_IMAGES = YES;
				INFOPLIST_FILE = LLPasswordGenerator/Info.plist;
				LD_RUNPATH_SEARCH_PATHS = "$(inherited) @executable_path/../Frameworks";
				MACOSX_DEPLOYMENT_TARGET = 10.8;
				PRODUCT_BUNDLE_IDENTIFIER = com.Digiarty.LLPasswordGenerator;
				PRODUCT_NAME = "$(TARGET_NAME)";
			};
			name = Release;
		};
/* End XCBuildConfiguration section */

/* Begin XCConfigurationList section */
		8A34F4701CD315A90048193C /* Build configuration list for PBXProject "LLPasswordGenerator" */ = {
			isa = XCConfigurationList;
			buildConfigurations = (
				8A34F4841CD315A90048193C /* Debug */,
				8A34F4851CD315A90048193C /* Release */,
			);
			defaultConfigurationIsVisible = 0;
			defaultConfigurationName = Release;
		};
		8A34F4861CD315A90048193C /* Build configuration list for PBXNativeTarget "LLPasswordGenerator" */ = {
			isa = XCConfigurationList;
			buildConfigurations = (
				8A34F4871CD315A90048193C /* Debug */,
				8A34F4881CD315A90048193C /* Release */,
			);
			defaultConfigurationIsVisible = 0;
		};
/* End XCConfigurationList section */
	};
	rootObject = 8A34F46D1CD315A90048193C /* Project object */;
}
